
Microsoft Visual Studio Solution File, Format Version 12.00
# Visual Studio Version 17
VisualStudioVersion = 17.8.34309.116
MinimumVisualStudioVersion = 10.0.40219.1
Project("{9A19103F-16F7-4668-BE54-9A1E7A4F7556}") = "Server", "Server\Server.csproj", "{F3BB9C2C-8FE5-4DE3-9B96-F44A5F4472FB}"
EndProject
Project("{FAE04EC0-301F-11D3-BF4B-00C04F79EFBC}") = "SeverCore", "SeverCore\SeverCore.csproj", "{CF98A0A0-29DD-4056-A3D7-5E8BCE2AD2E0}"
EndProject
Project("{FAE04EC0-301F-11D3-BF4B-00C04F79EFBC}") = "DummyClient", "DummyClient\DummyClient.csproj", "{9E298756-4AEB-4A6C-9D02-C795C755E373}"
EndProject
Global
	GlobalSection(SolutionConfigurationPlatforms) = preSolution
		Debug|Any CPU = Debug|Any CPU
		Release|Any CPU = Release|Any CPU
	EndGlobalSection
	GlobalSection(ProjectConfigurationPlatforms) = postSolution
		{F3BB9C2C-8FE5-4DE3-9B96-F44A5F4472FB}.Debug|Any CPU.ActiveCfg = Debug|Any CPU
		{F3BB9C2C-8FE5-4DE3-9B96-F44A5F4472FB}.Debug|Any CPU.Build.0 = Debug|Any CPU
		{F3BB9C2C-8FE5-4DE3-9B96-F44A5F4472FB}.Release|Any CPU.ActiveCfg = Release|Any CPU
		{F3BB9C2C-8FE5-4DE3-9B96-F44A5F4472FB}.Release|Any CPU.Build.0 = Release|Any CPU
		{CF98A0A0-29DD-4056-A3D7-5E8BCE2AD2E0}.Debug|Any CPU.ActiveCfg = Debug|Any CPU
		{CF98A0A0-29DD-4056-A3D7-5E8BCE2AD2E0}.Debug|Any CPU.Build.0 = Debug|Any CPU
		{CF98A0A0-29DD-4056-A3D7-5E8BCE2AD2E0}.Release|Any CPU.ActiveCfg = Release|Any CPU
		{CF98A0A0-29DD-4056-A3D7-5E8BCE2AD2E0}.Release|Any CPU.Build.0 = Release|Any CPU
		{9E298756-4AEB-4A6C-9D02-C795C755E373}.Debug|Any CPU.ActiveCfg = Debug|Any CPU
		{9E298756-4AEB-4A6C-9D02-C795C755E373}.Debug|Any CPU.Build.0 = Debug|Any CPU
		{9E298756-4AEB-4A6C-9D02-C795C755E373}.Release|Any CPU.ActiveCfg = Release|Any CPU
		{9E298756-4AEB-4A6C-9D02-C795C755E373}.Release|Any CPU.Build.0 = Release|Any CPU
	EndGlobalSection
	GlobalSection(SolutionProperties) = preSolution
		HideSolutionNode = FALSE
	EndGlobalSection
	GlobalSection(ExtensibilityGlobals) = postSolution
		SolutionGuid = {F2011793-01DE-4CB7-8CCF-2B623C9E9356}
	EndGlobalSection
EndGlobal
